
Microsoft Visual Studio Solution File, Format Version 12.00
# Visual Studio 15
VisualStudioVersion = 15.0.26228.9
MinimumVisualStudioVersion = 10.0.40219.1
Project("{FAE04EC0-301F-11D3-BF4B-00C04F79EFBC}") = "Netcore12", "Netcore12\Netcore12.csproj", "{6DF081F3-70A1-4CE8-92A2-1B83FA68E51E}"
EndProject
Global
	GlobalSection(SolutionConfigurationPlatforms) = preSolution
		Debug|Any CPU = Debug|Any CPU
		Release|Any CPU = Release|Any CPU
	EndGlobalSection
	GlobalSection(ProjectConfigurationPlatforms) = postSolution
		{6DF081F3-70A1-4CE8-92A2-1B83FA68E51E}.Debug|Any CPU.ActiveCfg = Debug|Any CPU
		{6DF081F3-70A1-4CE8-92A2-1B83FA68E51E}.Debug|Any CPU.Build.0 = Debug|Any CPU
		{6DF081F3-70A1-4CE8-92A2-1B83FA68E51E}.Release|Any CPU.ActiveCfg = Release|Any CPU
		{6DF081F3-70A1-4CE8-92A2-1B83FA68E51E}.Release|Any CPU.Build.0 = Release|Any CPU
	EndGlobalSection
	GlobalSection(SolutionProperties) = preSolution
		HideSolutionNode = FALSE
	EndGlobalSection
EndGlobal
